
Microsoft Visual Studio Solution File, Format Version 12.00
# Visual Studio Version 17
VisualStudioVersion = 17.0.31912.275
MinimumVisualStudioVersion = 10.0.40219.1
Project("{FAE04EC0-301F-11D3-BF4B-00C04F79EFBC}") = "SpotlightCommunicator", "SpotlightCommunicator\SpotlightCommunicator.csproj", "{CDBD4457-54BD-4BAA-AEFE-E29DF0B9307A}"
EndProject
Global
	GlobalSection(SolutionConfigurationPlatforms) = preSolution
		Debug|Any CPU = Debug|Any CPU
		Release|Any CPU = Release|Any CPU
	EndGlobalSection
	GlobalSection(ProjectConfigurationPlatforms) = postSolution
		{CDBD4457-54BD-4BAA-AEFE-E29DF0B9307A}.Debug|Any CPU.ActiveCfg = Debug|Any CPU
		{CDBD4457-54BD-4BAA-AEFE-E29DF0B9307A}.Debug|Any CPU.Build.0 = Debug|Any CPU
		{CDBD4457-54BD-4BAA-AEFE-E29DF0B9307A}.Release|Any CPU.ActiveCfg = Release|Any CPU
		{CDBD4457-54BD-4BAA-AEFE-E29DF0B9307A}.Release|Any CPU.Build.0 = Release|Any CPU
	EndGlobalSection
	GlobalSection(SolutionProperties) = preSolution
		HideSolutionNode = FALSE
	EndGlobalSection
	GlobalSection(ExtensibilityGlobals) = postSolution
		SolutionGuid = {DC2E0D86-601D-407F-96D3-79C1DD2760B9}
	EndGlobalSection
EndGlobal
